
Microsoft Visual Studio Solution File, Format Version 12.00
Project("{FAE04EC0-301F-11D3-BF4B-00C04F79EFBC}") = "TFLNotifications.API", "TFLNotifications.API\TFLNotifications.API.csproj", "{40896B4C-EF6C-43C9-B2DA-E32895164A2D}"
EndProject
Project("{FAE04EC0-301F-11D3-BF4B-00C04F79EFBC}") = "TFLNotifications.Domain", "TFLNotifications.Domain\TFLNotifications.Domain.csproj", "{F2443513-3CA4-4D61-8315-920FF19730CF}"
EndProject
Project("{FAE04EC0-301F-11D3-BF4B-00C04F79EFBC}") = "TFLNotifications.Repository", "TFLNotifications.Repository\TFLNotifications.Repository.csproj", "{18F7C72A-7630-40D3-9F6F-52976A4AD1A4}"
EndProject
Project("{FAE04EC0-301F-11D3-BF4B-00C04F79EFBC}") = "TFLNotifications.PullDown", "TFLNotifications.PullDown\TFLNotifications.PullDown.csproj", "{FF35A15C-0953-4F0F-8C65-85F92BDAF1BC}"
EndProject
Global
	GlobalSection(SolutionConfigurationPlatforms) = preSolution
		Debug|Any CPU = Debug|Any CPU
		Release|Any CPU = Release|Any CPU
	EndGlobalSection
	GlobalSection(ProjectConfigurationPlatforms) = postSolution
		{40896B4C-EF6C-43C9-B2DA-E32895164A2D}.Debug|Any CPU.ActiveCfg = Debug|Any CPU
		{40896B4C-EF6C-43C9-B2DA-E32895164A2D}.Debug|Any CPU.Build.0 = Debug|Any CPU
		{40896B4C-EF6C-43C9-B2DA-E32895164A2D}.Release|Any CPU.ActiveCfg = Release|Any CPU
		{40896B4C-EF6C-43C9-B2DA-E32895164A2D}.Release|Any CPU.Build.0 = Release|Any CPU
		{F2443513-3CA4-4D61-8315-920FF19730CF}.Debug|Any CPU.ActiveCfg = Debug|Any CPU
		{F2443513-3CA4-4D61-8315-920FF19730CF}.Debug|Any CPU.Build.0 = Debug|Any CPU
		{F2443513-3CA4-4D61-8315-920FF19730CF}.Release|Any CPU.ActiveCfg = Release|Any CPU
		{F2443513-3CA4-4D61-8315-920FF19730CF}.Release|Any CPU.Build.0 = Release|Any CPU
		{18F7C72A-7630-40D3-9F6F-52976A4AD1A4}.Debug|Any CPU.ActiveCfg = Debug|Any CPU
		{18F7C72A-7630-40D3-9F6F-52976A4AD1A4}.Debug|Any CPU.Build.0 = Debug|Any CPU
		{18F7C72A-7630-40D3-9F6F-52976A4AD1A4}.Release|Any CPU.ActiveCfg = Release|Any CPU
		{18F7C72A-7630-40D3-9F6F-52976A4AD1A4}.Release|Any CPU.Build.0 = Release|Any CPU
		{FF35A15C-0953-4F0F-8C65-85F92BDAF1BC}.Debug|Any CPU.ActiveCfg = Debug|Any CPU
		{FF35A15C-0953-4F0F-8C65-85F92BDAF1BC}.Debug|Any CPU.Build.0 = Debug|Any CPU
		{FF35A15C-0953-4F0F-8C65-85F92BDAF1BC}.Release|Any CPU.ActiveCfg = Release|Any CPU
		{FF35A15C-0953-4F0F-8C65-85F92BDAF1BC}.Release|Any CPU.Build.0 = Release|Any CPU
	EndGlobalSection
EndGlobal
